// !$*UTF8*$!
{
	archiveVersion = 1;
	classes = {
	};
	objectVersion = 46;
	objects = {

/* Begin PBXBuildFile section */
		656540091C5B4FC600642A22 /* SwiftWebViewBridge.swift in Sources */ = {isa = PBXBuildFile; fileRef = 656540061C5B4FC600642A22 /* SwiftWebViewBridge.swift */; };
		6565400A1C5B4FC600642A22 /* SwiftyJSON.swift in Sources */ = {isa = PBXBuildFile; fileRef = 656540071C5B4FC600642A22 /* SwiftyJSON.swift */; };
		658B54F91C4F6F57002EDAF8 /* AppDelegate.swift in Sources */ = {isa = PBXBuildFile; fileRef = 658B54F81C4F6F57002EDAF8 /* AppDelegate.swift */; };
		658B54FB1C4F6F57002EDAF8 /* ViewController.swift in Sources */ = {isa = PBXBuildFile; fileRef = 658B54FA1C4F6F57002EDAF8 /* ViewController.swift */; };
		658B54FE1C4F6F57002EDAF8 /* Main.storyboard in Resources */ = {isa = PBXBuildFile; fileRef = 658B54FC1C4F6F57002EDAF8 /* Main.storyboard */; };
		658B55001C4F6F57002EDAF8 /* Assets.xcassets in Resources */ = {isa = PBXBuildFile; fileRef = 658B54FF1C4F6F57002EDAF8 /* Assets.xcassets */; };
		658B55031C4F6F57002EDAF8 /* LaunchScreen.storyboard in Resources */ = {isa = PBXBuildFile; fileRef = 658B55011C4F6F57002EDAF8 /* LaunchScreen.storyboard */; };
		658B55121C4F9636002EDAF8 /* Demo.html in Resources */ = {isa = PBXBuildFile; fileRef = 658B55111C4F9636002EDAF8 /* Demo.html */; };
/* End PBXBuildFile section */

/* Begin PBXFileReference section */
		656540061C5B4FC600642A22 /* SwiftWebViewBridge.swift */ = {isa = PBXFileReference; fileEncoding = 4; lastKnownFileType = sourcecode.swift; path = SwiftWebViewBridge.swift; sourceTree = "<group>"; };
		656540071C5B4FC600642A22 /* SwiftyJSON.swift */ = {isa = PBXFileReference; fileEncoding = 4; lastKnownFileType = sourcecode.swift; path = SwiftyJSON.swift; sourceTree = "<group>"; };
		658B54F51C4F6F57002EDAF8 /* SwiftWebViewBridgeDemo.app */ = {isa = PBXFileReference; explicitFileType = wrapper.application; includeInIndex = 0; path = SwiftWebViewBridgeDemo.app; sourceTree = BUILT_PRODUCTS_DIR; };
		658B54F81C4F6F57002EDAF8 /* AppDelegate.swift */ = {isa = PBXFileReference; lastKnownFileType = sourcecode.swift; path = AppDelegate.swift; sourceTree = "<group>"; };
		658B54FA1C4F6F57002EDAF8 /* ViewController.swift */ = {isa = PBXFileReference; lastKnownFileType = sourcecode.swift; path = ViewController.swift; sourceTree = "<group>"; };
		658B54FD1C4F6F57002EDAF8 /* Base */ = {isa = PBXFileReference; lastKnownFileType = file.storyboard; name = Base; path = Base.lproj/Main.storyboard; sourceTree = "<group>"; };
		658B54FF1C4F6F57002EDAF8 /* Assets.xcassets */ = {isa = PBXFileReference; lastKnownFileType = folder.assetcatalog; path = Assets.xcassets; sourceTree = "<group>"; };
		658B55021C4F6F57002EDAF8 /* Base */ = {isa = PBXFileReference; lastKnownFileType = file.storyboard; name = Base; path = Base.lproj/LaunchScreen.storyboard; sourceTree = "<group>"; };
		658B55041C4F6F57002EDAF8 /* Info.plist */ = {isa = PBXFileReference; lastKnownFileType = text.plist.xml; path = Info.plist; sourceTree = "<group>"; };
		658B55111C4F9636002EDAF8 /* Demo.html */ = {isa = PBXFileReference; fileEncoding = 4; lastKnownFileType = text.html; path = Demo.html; sourceTree = "<group>"; };
/* End PBXFileReference section */

/* Begin PBXFrameworksBuildPhase section */
		658B54F21C4F6F57002EDAF8 /* Frameworks */ = {
			isa = PBXFrameworksBuildPhase;
			buildActionMask = 2147483647;
			files = (
			);
			runOnlyForDeploymentPostprocessing = 0;
		};
/* End PBXFrameworksBuildPhase section */

/* Begin PBXGroup section */
		656540041C5B4FC600642A22 /* SwiftWebViewBridge */ = {
			isa = PBXGroup;
			children = (
				656540061C5B4FC600642A22 /* SwiftWebViewBridge.swift */,
				656540071C5B4FC600642A22 /* SwiftyJSON.swift */,
			);
			name = SwiftWebViewBridge;
			path = ../../SwiftWebViewBridge;
			sourceTree = "<group>";
		};
		658B54EC1C4F6F57002EDAF8 = {
			isa = PBXGroup;
			children = (
				658B54F71C4F6F57002EDAF8 /* SwiftWebViewBridgeDemo */,
				658B54F61C4F6F57002EDAF8 /* Products */,
			);
			sourceTree = "<group>";
		};
		658B54F61C4F6F57002EDAF8 /* Products */ = {
			isa = PBXGroup;
			children = (
				658B54F51C4F6F57002EDAF8 /* SwiftWebViewBridgeDemo.app */,
			);
			name = Products;
			sourceTree = "<group>";
		};
		658B54F71C4F6F57002EDAF8 /* SwiftWebViewBridgeDemo */ = {
			isa = PBXGroup;
			children = (
				656540041C5B4FC600642A22 /* SwiftWebViewBridge */,
				658B54F81C4F6F57002EDAF8 /* AppDelegate.swift */,
				658B54FA1C4F6F57002EDAF8 /* ViewController.swift */,
				658B54FC1C4F6F57002EDAF8 /* Main.storyboard */,
				658B54FF1C4F6F57002EDAF8 /* Assets.xcassets */,
				658B55011C4F6F57002EDAF8 /* LaunchScreen.storyboard */,
				658B55041C4F6F57002EDAF8 /* Info.plist */,
				658B55111C4F9636002EDAF8 /* Demo.html */,
			);
			path = SwiftWebViewBridgeDemo;
			sourceTree = "<group>";
		};
/* End PBXGroup section */

/* Begin PBXNativeTarget section */
		658B54F41C4F6F57002EDAF8 /* SwiftWebViewBridgeDemo */ = {
			isa = PBXNativeTarget;
			buildConfigurationList = 658B55071C4F6F57002EDAF8 /* Build configuration list for PBXNativeTarget "SwiftWebViewBridgeDemo" */;
			buildPhases = (
				658B54F11C4F6F57002EDAF8 /* Sources */,
				658B54F21C4F6F57002EDAF8 /* Frameworks */,
				658B54F31C4F6F57002EDAF8 /* Resources */,
			);
			buildRules = (
			);
			dependencies = (
			);
			name = SwiftWebViewBridgeDemo;
			productName = SwiftWebViewBridgeDemo;
			productReference = 658B54F51C4F6F57002EDAF8 /* SwiftWebViewBridgeDemo.app */;
			productType = "com.apple.product-type.application";
		};
/* End PBXNativeTarget section */

/* Begin PBXProject section */
		658B54ED1C4F6F57002EDAF8 /* Project object */ = {
			isa = PBXProject;
			attributes = {
				LastSwiftUpdateCheck = 0720;
				LastUpgradeCheck = 0720;
				ORGANIZATIONNAME = ShawnFoo;
				TargetAttributes = {
					658B54F41C4F6F57002EDAF8 = {
						CreatedOnToolsVersion = 7.2;
					};
				};
			};
			buildConfigurationList = 658B54F01C4F6F57002EDAF8 /* Build configuration list for PBXProject "SwiftWebViewBridgeDemo" */;
			compatibilityVersion = "Xcode 3.2";
			developmentRegion = English;
			hasScannedForEncodings = 0;
			knownRegions = (
				en,
				Base,
			);
			mainGroup = 658B54EC1C4F6F57002EDAF8;
			productRefGroup = 658B54F61C4F6F57002EDAF8 /* Products */;
			projectDirPath = "";
			projectRoot = "";
			targets = (
				658B54F41C4F6F57002EDAF8 /* SwiftWebViewBridgeDemo */,
			);
		};
/* End PBXProject section */

/* Begin PBXResourcesBuildPhase section */
		658B54F31C4F6F57002EDAF8 /* Resources */ = {
			isa = PBXResourcesBuildPhase;
			buildActionMask = 2147483647;
			files = (
				658B55031C4F6F57002EDAF8 /* LaunchScreen.storyboard in Resources */,
				658B55121C4F9636002EDAF8 /* Demo.html in Resources */,
				658B55001C4F6F57002EDAF8 /* Assets.xcassets in Resources */,
				658B54FE1C4F6F57002EDAF8 /* Main.storyboard in Resources */,
			);
			runOnlyForDeploymentPostprocessing = 0;
		};
/* End PBXResourcesBuildPhase section */

/* Begin PBXSourcesBuildPhase section */
		658B54F11C4F6F57002EDAF8 /* Sources */ = {
			isa = PBXSourcesBuildPhase;
			buildActionMask = 2147483647;
			files = (
				658B54FB1C4F6F57002EDAF8 /* ViewController.swift in Sources */,
				656540091C5B4FC600642A22 /* SwiftWebViewBridge.swift in Sources */,
				658B54F91C4F6F57002EDAF8 /* AppDelegate.swift in Sources */,
				6565400A1C5B4FC600642A22 /* SwiftyJSON.swift in Sources */,
			);
			runOnlyForDeploymentPostprocessing = 0;
		};
/* End PBXSourcesBuildPhase section */

/* Begin PBXVariantGroup section */
		658B54FC1C4F6F57002EDAF8 /* Main.storyboard */ = {
			isa = PBXVariantGroup;
			children = (
				658B54FD1C4F6F57002EDAF8 /* Base */,
			);
			name = Main.storyboard;
			sourceTree = "<group>";
		};
		658B55011C4F6F57002EDAF8 /* LaunchScreen.storyboard */ = {
			isa = PBXVariantGroup;
			children = (
				658B55021C4F6F57002EDAF8 /* Base */,
			);
			name = LaunchScreen.storyboard;
			sourceTree = "<group>";
		};
/* End PBXVariantGroup section */

/* Begin XCBuildConfiguration section */
		658B55051C4F6F57002EDAF8 /* Debug */ = {
			isa = XCBuildConfiguration;
			buildSettings = {
				ALWAYS_SEARCH_USER_PATHS = NO;
				CLANG_CXX_LANGUAGE_STANDARD = "gnu++0x";
				CLANG_CXX_LIBRARY = "libc++";
				CLANG_ENABLE_MODULES = YES;
				CLANG_ENABLE_OBJC_ARC = YES;
				CLANG_WARN_BOOL_CONVERSION = YES;
				CLANG_WARN_CONSTANT_CONVERSION = YES;
				CLANG_WARN_DIRECT_OBJC_ISA_USAGE = YES_ERROR;
				CLANG_WARN_EMPTY_BODY = YES;
				CLANG_WARN_ENUM_CONVERSION = YES;
				CLANG_WARN_INT_CONVERSION = YES;
				CLANG_WARN_OBJC_ROOT_CLASS = YES_ERROR;
				CLANG_WARN_UNREACHABLE_CODE = YES;
				CLANG_WARN__DUPLICATE_METHOD_MATCH = YES;
				"CODE_SIGN_IDENTITY[sdk=iphoneos*]" = "iPhone Developer";
				COPY_PHASE_STRIP = NO;
				DEBUG_INFORMATION_FORMAT = dwarf;
				ENABLE_STRICT_OBJC_MSGSEND = YES;
				ENABLE_TESTABILITY = YES;
				GCC_C_LANGUAGE_STANDARD = gnu99;
				GCC_DYNAMIC_NO_PIC = NO;
				GCC_NO_COMMON_BLOCKS = YES;
				GCC_OPTIMIZATION_LEVEL = 0;
				GCC_PREPROCESSOR_DEFINITIONS = (
					"DEBUG=1",
					"$(inherited)",
				);
				GCC_WARN_64_TO_32_BIT_CONVERSION = YES;
				GCC_WARN_ABOUT_RETURN_TYPE = YES_ERROR;
				GCC_WARN_UNDECLARED_SELECTOR = YES;
				GCC_WARN_UNINITIALIZED_AUTOS = YES_AGGRESSIVE;
				GCC_WARN_UNUSED_FUNCTION = YES;
				GCC_WARN_UNUSED_VARIABLE = YES;
				IPHONEOS_DEPLOYMENT_TARGET = 7.0;
				MTL_ENABLE_DEBUG_INFO = YES;
				ONLY_ACTIVE_ARCH = YES;
				SDKROOT = iphoneos;
				SWIFT_OPTIMIZATION_LEVEL = "-Onone";
			};
			name = Debug;
		};
		658B55061C4F6F57002EDAF8 /* Release */ = {
			isa = XCBuildConfiguration;
			buildSettings = {
				ALWAYS_SEARCH_USER_PATHS = NO;
				CLANG_CXX_LANGUAGE_STANDARD = "gnu++0x";
				CLANG_CXX_LIBRARY = "libc++";
				CLANG_ENABLE_MODULES = YES;
				CLANG_ENABLE_OBJC_ARC = YES;
				CLANG_WARN_BOOL_CONVERSION = YES;
				CLANG_WARN_CONSTANT_CONVERSION = YES;
				CLANG_WARN_DIRECT_OBJC_ISA_USAGE = YES_ERROR;
				CLANG_WARN_EMPTY_BODY = YES;
				CLANG_WARN_ENUM_CONVERSION = YES;
				CLANG_WARN_INT_CONVERSION = YES;
				CLANG_WARN_OBJC_ROOT_CLASS = YES_ERROR;
				CLANG_WARN_UNREACHABLE_CODE = YES;
				CLANG_WARN__DUPLICATE_METHOD_MATCH = YES;
				"CODE_SIGN_IDENTITY[sdk=iphoneos*]" = "iPhone Developer";
				COPY_PHASE_STRIP = NO;
				DEBUG_INFORMATION_FORMAT = "dwarf-with-dsym";
				ENABLE_NS_ASSERTIONS = NO;
				ENABLE_STRICT_OBJC_MSGSEND = YES;
				GCC_C_LANGUAGE_STANDARD = gnu99;
				GCC_NO_COMMON_BLOCKS = YES;
				GCC_WARN_64_TO_32_BIT_CONVERSION = YES;
				GCC_WARN_ABOUT_RETURN_TYPE = YES_ERROR;
				GCC_WARN_UNDECLARED_SELECTOR = YES;
				GCC_WARN_UNINITIALIZED_AUTOS = YES_AGGRESSIVE;
				GCC_WARN_UNUSED_FUNCTION = YES;
				GCC_WARN_UNUSED_VARIABLE = YES;
				IPHONEOS_DEPLOYMENT_TARGET = 7.0;
				MTL_ENABLE_DEBUG_INFO = NO;
				SDKROOT = iphoneos;
				VALIDATE_PRODUCT = YES;
			};
			name = Release;
		};
		658B55081C4F6F57002EDAF8 /* Debug */ = {
			isa = XCBuildConfiguration;
			buildSettings = {
				ASSETCATALOG_COMPILER_APPICON_NAME = AppIcon;
				INFOPLIST_FILE = SwiftWebViewBridgeDemo/Info.plist;
				LD_RUNPATH_SEARCH_PATHS = "$(inherited) @executable_path/Frameworks";
				PRODUCT_BUNDLE_IDENTIFIER = ShawnFoo.SwiftWebViewBridgeDemo;
				PRODUCT_NAME = "$(TARGET_NAME)";
			};
			name = Debug;
		};
		658B55091C4F6F57002EDAF8 /* Release */ = {
			isa = XCBuildConfiguration;
			buildSettings = {
				ASSETCATALOG_COMPILER_APPICON_NAME = AppIcon;
				INFOPLIST_FILE = SwiftWebViewBridgeDemo/Info.plist;
				LD_RUNPATH_SEARCH_PATHS = "$(inherited) @executable_path/Frameworks";
				PRODUCT_BUNDLE_IDENTIFIER = ShawnFoo.SwiftWebViewBridgeDemo;
				PRODUCT_NAME = "$(TARGET_NAME)";
			};
			name = Release;
		};
/* End XCBuildConfiguration section */

/* Begin XCConfigurationList section */
		658B54F01C4F6F57002EDAF8 /* Build configuration list for PBXProject "SwiftWebViewBridgeDemo" */ = {
			isa = XCConfigurationList;
			buildConfigurations = (
				658B55051C4F6F57002EDAF8 /* Debug */,
				658B55061C4F6F57002EDAF8 /* Release */,
			);
			defaultConfigurationIsVisible = 0;
			defaultConfigurationName = Release;
		};
		658B55071C4F6F57002EDAF8 /* Build configuration list for PBXNativeTarget "SwiftWebViewBridgeDemo" */ = {
			isa = XCConfigurationList;
			buildConfigurations = (
				658B55081C4F6F57002EDAF8 /* Debug */,
				658B55091C4F6F57002EDAF8 /* Release */,
			);
			defaultConfigurationIsVisible = 0;
			defaultConfigurationName = Release;
		};
/* End XCConfigurationList section */
	};
	rootObject = 658B54ED1C4F6F57002EDAF8 /* Project object */;
}
